github.com/Strum355/go-difflib v1.1.0/go.mod h1:r1cVg1JkGsTWkaR7At56v7hfuMgiUL8meTLwxFzOmvE=
github.com/davecgh/go-spew v1.1.0/go.mod h1:J7Y8YcW2NihsgmVo/mv3lAwl/skON4iLHjSsI+c5H38=
github.com/pkg/errors v0.8.0/go.mod h1:bwawxfHBFNV+L2hUp1rHADufV3IMtnDRdf1r5NINEl0=
github.com/teamwork/test v0.0.0-20180710160628-fb2f93f656a3 h1:x7yuzPiI8icmvazA2yaojbIVglJHCgxQnA1s6eIcYkk=
github.com/teamwork/test v0.0.0-20180710160628-fb2f93f656a3/go.mod h1:TIbx7tx6WHBjQeLRM4eWQZBL7kmBZ7/KI4x4v7Y5YmA=
github.com/teamwork/test v0.0.0-20190410143529-8897d82f8d46/go.mod h1:TIbx7tx6WHBjQeLRM4eWQZBL7kmBZ7/KI4x4v7Y5YmA=
github.com/teamwork/test v0.0.0-20200108114543-02621bae84ad h1:25sEr0awm0ZPancg5W5H5VvN7PWsJloUBpii10a9isw=
github.com/teamwork/test v0.0.0-20200108114543-02621bae84ad/go.mod h1:TIbx7tx6WHBjQeLRM4eWQZBL7kmBZ7/KI4x4v7Y5YmA=
github.com/teamwork/utils v0.0.0-20180828160709-681764439846 h1:J+Ar0rRkzVLZ8fU0IkUlIh7hpU5PLn1jC8Cbmo/2mJY=
github.com/teamwork/utils v0.0.0-20180828160709-681764439846/go.mod h1:rmPaJUVv426LGg3QR31m1N0bfpCdCVyh3dCWsJTQeDA=
github.com/teamwork/utils v0.0.0-20200714085143-9e9a9a82bda9 h1:JvVvpQzYd5NKCjTnQ0I16gGXLZVjh9aIctWxOiq8790=
github.com/teamwork/utils v0.0.0-20200714085143-9e9a9a82bda9/go.mod h1:3Fn0qxFeRNpvsg/9T1+btOOOKkd1qG2nPYKKcOmNpcs=
